
Microsoft Visual Studio Solution File, Format Version 12.00
# Visual Studio Version 16
VisualStudioVersion = 16.0.30114.105
MinimumVisualStudioVersion = 10.0.40219.1
Project("{9A19103F-16F7-4668-BE54-9A1E7A4F7556}") = "ddd", "ddd\ddd.csproj", "{93D0B8DB-8562-4D53-BD4F-EF6B4F81D1FF}"
EndProject
Project("{9A19103F-16F7-4668-BE54-9A1E7A4F7556}") = "ddd-spec", "ddd-spec\ddd-spec.csproj", "{BA2F895E-0D14-4EC1-8E99-B3F3A9F271B0}"
EndProject
Project("{FAE04EC0-301F-11D3-BF4B-00C04F79EFBC}") = "functional-spec", "functional-spec\functional-spec.csproj", "{909543D2-736E-4921-8803-9B5F5F93F4FE}"
EndProject
Project("{FAE04EC0-301F-11D3-BF4B-00C04F79EFBC}") = "functional", "functional\functional.csproj", "{EC6A8D47-A0E1-4437-A860-B4B41E780584}"
EndProject
Project("{FAE04EC0-301F-11D3-BF4B-00C04F79EFBC}") = "event-sourcing", "event-sourcing\event-sourcing.csproj", "{7434BA38-2ECC-4E13-94F3-F9F3C17A951E}"
EndProject
Project("{FAE04EC0-301F-11D3-BF4B-00C04F79EFBC}") = "event-sourcing-spec", "event-sourcing-spec\event-sourcing-spec.csproj", "{5DF94BCD-77F7-4D2E-9B6F-F5696795FA5F}"
EndProject
Global
	GlobalSection(SolutionConfigurationPlatforms) = preSolution
		Debug|Any CPU = Debug|Any CPU
		Debug|x64 = Debug|x64
		Debug|x86 = Debug|x86
		Release|Any CPU = Release|Any CPU
		Release|x64 = Release|x64
		Release|x86 = Release|x86
	EndGlobalSection
	GlobalSection(ProjectConfigurationPlatforms) = postSolution
		{93D0B8DB-8562-4D53-BD4F-EF6B4F81D1FF}.Debug|Any CPU.ActiveCfg = Debug|Any CPU
		{93D0B8DB-8562-4D53-BD4F-EF6B4F81D1FF}.Debug|Any CPU.Build.0 = Debug|Any CPU
		{93D0B8DB-8562-4D53-BD4F-EF6B4F81D1FF}.Debug|x64.ActiveCfg = Debug|Any CPU
		{93D0B8DB-8562-4D53-BD4F-EF6B4F81D1FF}.Debug|x64.Build.0 = Debug|Any CPU
		{93D0B8DB-8562-4D53-BD4F-EF6B4F81D1FF}.Debug|x86.ActiveCfg = Debug|Any CPU
		{93D0B8DB-8562-4D53-BD4F-EF6B4F81D1FF}.Debug|x86.Build.0 = Debug|Any CPU
		{93D0B8DB-8562-4D53-BD4F-EF6B4F81D1FF}.Release|Any CPU.ActiveCfg = Release|Any CPU
		{93D0B8DB-8562-4D53-BD4F-EF6B4F81D1FF}.Release|Any CPU.Build.0 = Release|Any CPU
		{93D0B8DB-8562-4D53-BD4F-EF6B4F81D1FF}.Release|x64.ActiveCfg = Release|Any CPU
		{93D0B8DB-8562-4D53-BD4F-EF6B4F81D1FF}.Release|x64.Build.0 = Release|Any CPU
		{93D0B8DB-8562-4D53-BD4F-EF6B4F81D1FF}.Release|x86.ActiveCfg = Release|Any CPU
		{93D0B8DB-8562-4D53-BD4F-EF6B4F81D1FF}.Release|x86.Build.0 = Release|Any CPU
		{BA2F895E-0D14-4EC1-8E99-B3F3A9F271B0}.Debug|Any CPU.ActiveCfg = Debug|Any CPU
		{BA2F895E-0D14-4EC1-8E99-B3F3A9F271B0}.Debug|Any CPU.Build.0 = Debug|Any CPU
		{BA2F895E-0D14-4EC1-8E99-B3F3A9F271B0}.Debug|x64.ActiveCfg = Debug|Any CPU
		{BA2F895E-0D14-4EC1-8E99-B3F3A9F271B0}.Debug|x64.Build.0 = Debug|Any CPU
		{BA2F895E-0D14-4EC1-8E99-B3F3A9F271B0}.Debug|x86.ActiveCfg = Debug|Any CPU
		{BA2F895E-0D14-4EC1-8E99-B3F3A9F271B0}.Debug|x86.Build.0 = Debug|Any CPU
		{BA2F895E-0D14-4EC1-8E99-B3F3A9F271B0}.Release|Any CPU.ActiveCfg = Release|Any CPU
		{BA2F895E-0D14-4EC1-8E99-B3F3A9F271B0}.Release|Any CPU.Build.0 = Release|Any CPU
		{BA2F895E-0D14-4EC1-8E99-B3F3A9F271B0}.Release|x64.ActiveCfg = Release|Any CPU
		{BA2F895E-0D14-4EC1-8E99-B3F3A9F271B0}.Release|x64.Build.0 = Release|Any CPU
		{BA2F895E-0D14-4EC1-8E99-B3F3A9F271B0}.Release|x86.ActiveCfg = Release|Any CPU
		{BA2F895E-0D14-4EC1-8E99-B3F3A9F271B0}.Release|x86.Build.0 = Release|Any CPU
		{909543D2-736E-4921-8803-9B5F5F93F4FE}.Debug|Any CPU.ActiveCfg = Debug|Any CPU
		{909543D2-736E-4921-8803-9B5F5F93F4FE}.Debug|Any CPU.Build.0 = Debug|Any CPU
		{909543D2-736E-4921-8803-9B5F5F93F4FE}.Debug|x64.ActiveCfg = Debug|Any CPU
		{909543D2-736E-4921-8803-9B5F5F93F4FE}.Debug|x64.Build.0 = Debug|Any CPU
		{909543D2-736E-4921-8803-9B5F5F93F4FE}.Debug|x86.ActiveCfg = Debug|Any CPU
		{909543D2-736E-4921-8803-9B5F5F93F4FE}.Debug|x86.Build.0 = Debug|Any CPU
		{909543D2-736E-4921-8803-9B5F5F93F4FE}.Release|Any CPU.ActiveCfg = Release|Any CPU
		{909543D2-736E-4921-8803-9B5F5F93F4FE}.Release|Any CPU.Build.0 = Release|Any CPU
		{909543D2-736E-4921-8803-9B5F5F93F4FE}.Release|x64.ActiveCfg = Release|Any CPU
		{909543D2-736E-4921-8803-9B5F5F93F4FE}.Release|x64.Build.0 = Release|Any CPU
		{909543D2-736E-4921-8803-9B5F5F93F4FE}.Release|x86.ActiveCfg = Release|Any CPU
		{909543D2-736E-4921-8803-9B5F5F93F4FE}.Release|x86.Build.0 = Release|Any CPU
		{EC6A8D47-A0E1-4437-A860-B4B41E780584}.Debug|Any CPU.ActiveCfg = Debug|Any CPU
		{EC6A8D47-A0E1-4437-A860-B4B41E780584}.Debug|Any CPU.Build.0 = Debug|Any CPU
		{EC6A8D47-A0E1-4437-A860-B4B41E780584}.Debug|x64.ActiveCfg = Debug|Any CPU
		{EC6A8D47-A0E1-4437-A860-B4B41E780584}.Debug|x64.Build.0 = Debug|Any CPU
		{EC6A8D47-A0E1-4437-A860-B4B41E780584}.Debug|x86.ActiveCfg = Debug|Any CPU
		{EC6A8D47-A0E1-4437-A860-B4B41E780584}.Debug|x86.Build.0 = Debug|Any CPU
		{EC6A8D47-A0E1-4437-A860-B4B41E780584}.Release|Any CPU.ActiveCfg = Release|Any CPU
		{EC6A8D47-A0E1-4437-A860-B4B41E780584}.Release|Any CPU.Build.0 = Release|Any CPU
		{EC6A8D47-A0E1-4437-A860-B4B41E780584}.Release|x64.ActiveCfg = Release|Any CPU
		{EC6A8D47-A0E1-4437-A860-B4B41E780584}.Release|x64.Build.0 = Release|Any CPU
		{EC6A8D47-A0E1-4437-A860-B4B41E780584}.Release|x86.ActiveCfg = Release|Any CPU
		{EC6A8D47-A0E1-4437-A860-B4B41E780584}.Release|x86.Build.0 = Release|Any CPU
		{7434BA38-2ECC-4E13-94F3-F9F3C17A951E}.Debug|Any CPU.ActiveCfg = Debug|Any CPU
		{7434BA38-2ECC-4E13-94F3-F9F3C17A951E}.Debug|Any CPU.Build.0 = Debug|Any CPU
		{7434BA38-2ECC-4E13-94F3-F9F3C17A951E}.Debug|x64.ActiveCfg = Debug|Any CPU
		{7434BA38-2ECC-4E13-94F3-F9F3C17A951E}.Debug|x64.Build.0 = Debug|Any CPU
		{7434BA38-2ECC-4E13-94F3-F9F3C17A951E}.Debug|x86.ActiveCfg = Debug|Any CPU
		{7434BA38-2ECC-4E13-94F3-F9F3C17A951E}.Debug|x86.Build.0 = Debug|Any CPU
		{7434BA38-2ECC-4E13-94F3-F9F3C17A951E}.Release|Any CPU.ActiveCfg = Release|Any CPU
		{7434BA38-2ECC-4E13-94F3-F9F3C17A951E}.Release|Any CPU.Build.0 = Release|Any CPU
		{7434BA38-2ECC-4E13-94F3-F9F3C17A951E}.Release|x64.ActiveCfg = Release|Any CPU
		{7434BA38-2ECC-4E13-94F3-F9F3C17A951E}.Release|x64.Build.0 = Release|Any CPU
		{7434BA38-2ECC-4E13-94F3-F9F3C17A951E}.Release|x86.ActiveCfg = Release|Any CPU
		{7434BA38-2ECC-4E13-94F3-F9F3C17A951E}.Release|x86.Build.0 = Release|Any CPU
		{5DF94BCD-77F7-4D2E-9B6F-F5696795FA5F}.Debug|Any CPU.ActiveCfg = Debug|Any CPU
		{5DF94BCD-77F7-4D2E-9B6F-F5696795FA5F}.Debug|Any CPU.Build.0 = Debug|Any CPU
		{5DF94BCD-77F7-4D2E-9B6F-F5696795FA5F}.Debug|x64.ActiveCfg = Debug|Any CPU
		{5DF94BCD-77F7-4D2E-9B6F-F5696795FA5F}.Debug|x64.Build.0 = Debug|Any CPU
		{5DF94BCD-77F7-4D2E-9B6F-F5696795FA5F}.Debug|x86.ActiveCfg = Debug|Any CPU
		{5DF94BCD-77F7-4D2E-9B6F-F5696795FA5F}.Debug|x86.Build.0 = Debug|Any CPU
		{5DF94BCD-77F7-4D2E-9B6F-F5696795FA5F}.Release|Any CPU.ActiveCfg = Release|Any CPU
		{5DF94BCD-77F7-4D2E-9B6F-F5696795FA5F}.Release|Any CPU.Build.0 = Release|Any CPU
		{5DF94BCD-77F7-4D2E-9B6F-F5696795FA5F}.Release|x64.ActiveCfg = Release|Any CPU
		{5DF94BCD-77F7-4D2E-9B6F-F5696795FA5F}.Release|x64.Build.0 = Release|Any CPU
		{5DF94BCD-77F7-4D2E-9B6F-F5696795FA5F}.Release|x86.ActiveCfg = Release|Any CPU
		{5DF94BCD-77F7-4D2E-9B6F-F5696795FA5F}.Release|x86.Build.0 = Release|Any CPU
	EndGlobalSection
	GlobalSection(SolutionProperties) = preSolution
		HideSolutionNode = FALSE
	EndGlobalSection
	GlobalSection(ExtensibilityGlobals) = postSolution
		SolutionGuid = {9F30759E-5AE0-46AD-8061-C23BA43268CC}
	EndGlobalSection
EndGlobal
